<?xml version="1.0" encoding="utf-8"?>
<Project ToolsVersion="4.0" xmlns="http://schemas.microsoft.com/developer/msbuild/2003">
  <ItemGroup>
    <Filter Include="Source Files">
      <UniqueIdentifier>{45795237-AA00-49C8-9BF9-5D24366DBF43}</UniqueIdentifier>
      <Extensions>cpp;c;cc;cxx;def;odl;idl;hpj;bat;asm;asmx</Extensions>
    </Filter>
    <Filter Include="Header Files">
      <UniqueIdentifier>{C6DB60B6-54E0-454C-8546-D79CA8788039}</UniqueIdentifier>
      <Extensions>h;hh;hpp;hxx;hm;inl;inc;ipp;xsd</Extensions>
    </Filter>
    <Filter Include="Resource Files">
      <UniqueIdentifier>{21FFC13C-23D5-4765-8624-3EF8C88FA2EB}</UniqueIdentifier>
      <Extensions>rc;ico;cur;bmp;dlg;rc2;rct;bin;rgs;gif;jpg;jpeg;jpe;resx;tiff;tif;png;wav;mfcribbon-ms</Extensions>
    </Filter>
  </ItemGroup>
  <ItemGroup>
    <ClInclude Include="targetver.h">
      <Filter>Header Files</Filter>
    </ClInclude>
    <ClInclude Include="resource.h">
      <Filter>Header Files</Filter>
    </ClInclude>
    <ClInclude Include="ExpoModulesCore.h">
      <Filter>Header Files</Filter>
    </ClInclude>
    <ClInclude Include="pch.h">
      <Filter>Header Files</Filter>
    </ClInclude>
    <ClInclude Include="..\..\common\cpp\BridgelessJSCallInvoker.h" >
      <Filter>Header Files</Filter>
    </ClInclude>
    <ClInclude Include="..\..\common\cpp\EventEmitter.h" >
      <Filter>Header Files</Filter>
    </ClInclude>
    <ClInclude Include="..\..\common\cpp\JSIUtils.h" >
      <Filter>Header Files</Filter>
    </ClInclude>
    <ClInclude Include="..\..\common\cpp\LazyObject.h" >
      <Filter>Header Files</Filter>
    </ClInclude>
    <ClInclude Include="..\..\common\cpp\NativeModule.h" >
      <Filter>Header Files</Filter>
    </ClInclude>
    <ClInclude Include="..\..\common\cpp\ObjectDeallocator.h" >
      <Filter>Header Files</Filter>
    </ClInclude>
    <ClInclude Include="..\..\common\cpp\SharedObject.h" >
      <Filter>Header Files</Filter>
    </ClInclude>
    <ClInclude Include="..\..\common\cpp\SharedRef.h" >
      <Filter>Header Files</Filter>
    </ClInclude>
    <ClInclude Include="..\..\common\cpp\TestingSyncJSCallInvoker.h" >
      <Filter>Header Files</Filter>
    </ClInclude>
    <ClInclude Include="..\..\common\cpp\TypedArray.h" >
      <Filter>Header Files</Filter>
    </ClInclude>
  </ItemGroup>
  <ItemGroup>
    <ClCompile Include="pch.cpp">
      <Filter>Source Files</Filter>
    </ClCompile>
    <ClCompile Include="..\..\common\cpp\EventEmitter.cpp">
      <Filter>Source Files</Filter>
    </ClCompile>
    <ClCompile Include="..\..\common\cpp\JSIUtils.cpp">
      <Filter>Source Files</Filter>
    </ClCompile>
    <ClCompile Include="..\..\common\cpp\LazyObject.cpp">
      <Filter>Source Files</Filter>
    </ClCompile>
    <ClCompile Include="..\..\common\cpp\NativeModule.cpp">
      <Filter>Source Files</Filter>
    </ClCompile>
    <ClCompile Include="..\..\common\cpp\ObjectDeallocator.cpp">
      <Filter>Source Files</Filter>
    </ClCompile>
    <ClCompile Include="..\..\common\cpp\SharedObject.cpp">
      <Filter>Source Files</Filter>
    </ClCompile>
    <ClCompile Include="..\..\common\cpp\SharedRef.cpp">
      <Filter>Source Files</Filter>
    </ClCompile>
    <ClCompile Include="..\..\common\cpp\TypedArray.cpp">
      <Filter>Source Files</Filter>
    </ClCompile>
  </ItemGroup>
  <ItemGroup>
    <ResourceCompile Include="ExpoModulesCore.rc">
      <Filter>Resource Files</Filter>
    </ResourceCompile>
  </ItemGroup>
</Project>