
Microsoft Visual Studio Solution File, Format Version 12.00
# Visual Studio Version 17
VisualStudioVersion = 17.3.32929.385
MinimumVisualStudioVersion = 10.0.40219.1
Project("{A83FD526-20D0-45C2-88F2-10BE26BAC5A0}") = "ExpoModulesCore", "ExpoModulesCore\ExpoModulesCore.vcxproj", "{45CCA11B-4C7D-406D-9DCB-A823993FC653}"
EndProject
Global
	GlobalSection(SolutionConfigurationPlatforms) = preSolution
		Debug|x64 = Debug|x64
		Debug|x86 = Debug|x86
		Debug|ARM64 = Debug|ARM64
		Release|x64 = Release|x64
		Release|x86 = Release|x86
		Release|ARM64 = Release|ARM64
	EndGlobalSection
	GlobalSection(ProjectConfigurationPlatforms) = postSolution
		{45CCA11B-4C7D-406D-9DCB-A823993FC653}.Debug|x64.ActiveCfg = Debug|x64
		{45CCA11B-4C7D-406D-9DCB-A823993FC653}.Debug|x64.Build.0 = Debug|x64
		{45CCA11B-4C7D-406D-9DCB-A823993FC653}.Debug|x64.Deploy.0 = Debug|x64
		{45CCA11B-4C7D-406D-9DCB-A823993FC653}.Debug|x86.ActiveCfg = Debug|Win32
		{45CCA11B-4C7D-406D-9DCB-A823993FC653}.Debug|x86.Build.0 = Debug|Win32
		{45CCA11B-4C7D-406D-9DCB-A823993FC653}.Debug|x86.Deploy.0 = Debug|Win32
		{45CCA11B-4C7D-406D-9DCB-A823993FC653}.Debug|ARM64.ActiveCfg = Debug|ARM64
		{45CCA11B-4C7D-406D-9DCB-A823993FC653}.Debug|ARM64.Build.0 = Debug|ARM64
		{45CCA11B-4C7D-406D-9DCB-A823993FC653}.Debug|ARM64.Deploy.0 = Debug|ARM64
		{45CCA11B-4C7D-406D-9DCB-A823993FC653}.Release|x64.ActiveCfg = Release|x64
		{45CCA11B-4C7D-406D-9DCB-A823993FC653}.Release|x64.Build.0 = Release|x64
		{45CCA11B-4C7D-406D-9DCB-A823993FC653}.Release|x64.Deploy.0 = Release|x64
		{45CCA11B-4C7D-406D-9DCB-A823993FC653}.Release|x86.ActiveCfg = Release|Win32
		{45CCA11B-4C7D-406D-9DCB-A823993FC653}.Release|x86.Build.0 = Release|Win32
		{45CCA11B-4C7D-406D-9DCB-A823993FC653}.Release|x86.Deploy.0 = Release|Win32
		{45CCA11B-4C7D-406D-9DCB-A823993FC653}.Release|ARM64.ActiveCfg = Release|ARM64
		{45CCA11B-4C7D-406D-9DCB-A823993FC653}.Release|ARM64.Build.0 = Release|ARM64
		{45CCA11B-4C7D-406D-9DCB-A823993FC653}.Release|ARM64.Deploy.0 = Release|ARM64
	EndGlobalSection
	GlobalSection(SolutionProperties) = preSolution
		HideSolutionNode = FALSE
	EndGlobalSection
	GlobalSection(ExtensibilityGlobals) = postSolution
		SolutionGuid = {7EFB0290-2273-4DC2-AC50-CA45CF0D8FD6}
	EndGlobalSection
EndGlobal
